{
  "version": 4,
  "terraform_version": "1.12.2",
  "serial": 32,
  "lineage": "ed185d00-ff97-a0e0-dec9-4b9733d10c0d",
  "outputs": {
    "ec2_instance_info": {
      "value": [
        {
          "ami": "ami-09c813fb71547fc4f",
          "arn": "arn:aws:ec2:us-east-1:277789128698:instance/i-0738b6681034960b5",
          "associate_public_ip_address": true,
          "availability_zone": "us-east-1d",
          "capacity_reservation_specification": [
            {
              "capacity_reservation_preference": "open",
              "capacity_reservation_target": []
            }
          ],
          "cpu_core_count": 1,
          "cpu_options": [
            {
              "amd_sev_snp": "",
              "core_count": 1,
              "threads_per_core": 2
            }
          ],
          "cpu_threads_per_core": 2,
          "credit_specification": [
            {
              "cpu_credits": "unlimited"
            }
          ],
          "disable_api_stop": false,
          "disable_api_termination": false,
          "ebs_block_device": [],
          "ebs_optimized": false,
          "enable_primary_ipv6": null,
          "enclave_options": [
            {
              "enabled": false
            }
          ],
          "ephemeral_block_device": [],
          "get_password_data": false,
          "hibernation": false,
          "host_id": "",
          "host_resource_group_arn": null,
          "iam_instance_profile": "",
          "id": "i-0738b6681034960b5",
          "instance_initiated_shutdown_behavior": "stop",
          "instance_lifecycle": "",
          "instance_market_options": [],
          "instance_state": "running",
          "instance_type": "t3.micro",
          "ipv6_address_count": 0,
          "ipv6_addresses": [],
          "key_name": "",
          "launch_template": [],
          "maintenance_options": [
            {
              "auto_recovery": "default"
            }
          ],
          "metadata_options": [
            {
              "http_endpoint": "enabled",
              "http_protocol_ipv6": "disabled",
              "http_put_response_hop_limit": 1,
              "http_tokens": "optional",
              "instance_metadata_tags": "disabled"
            }
          ],
          "monitoring": false,
          "network_interface": [],
          "outpost_arn": "",
          "password_data": "",
          "placement_group": "",
          "placement_partition_number": 0,
          "primary_network_interface_id": "eni-06c6cb70d3b0469b4",
          "private_dns": "ip-172-31-18-221.ec2.internal",
          "private_dns_name_options": [
            {
              "enable_resource_name_dns_a_record": false,
              "enable_resource_name_dns_aaaa_record": false,
              "hostname_type": "ip-name"
            }
          ],
          "private_ip": "172.31.18.221",
          "public_dns": "ec2-54-227-211-172.compute-1.amazonaws.com",
          "public_ip": "54.227.211.172",
          "root_block_device": [
            {
              "delete_on_termination": true,
              "device_name": "/dev/sda1",
              "encrypted": false,
              "iops": 3000,
              "kms_key_id": "",
              "tags": {},
              "tags_all": {},
              "throughput": 125,
              "volume_id": "vol-081f08f5c3ef2a57a",
              "volume_size": 20,
              "volume_type": "gp3"
            }
          ],
          "secondary_private_ips": [],
          "security_groups": [
            "vars-file-allow-all"
          ],
          "source_dest_check": true,
          "spot_instance_request_id": "",
          "subnet_id": "subnet-0b2f029184c429e41",
          "tags": {
            "Name": "mongodb"
          },
          "tags_all": {
            "Name": "mongodb"
          },
          "tenancy": "default",
          "timeouts": null,
          "user_data": null,
          "user_data_base64": null,
          "user_data_replace_on_change": false,
          "volume_tags": null,
          "vpc_security_group_ids": [
            "sg-03d3d0a40fc1caec5"
          ]
        },
        {
          "ami": "ami-09c813fb71547fc4f",
          "arn": "arn:aws:ec2:us-east-1:277789128698:instance/i-0e08e049f652bac84",
          "associate_public_ip_address": true,
          "availability_zone": "us-east-1d",
          "capacity_reservation_specification": [
            {
              "capacity_reservation_preference": "open",
              "capacity_reservation_target": []
            }
          ],
          "cpu_core_count": 1,
          "cpu_options": [
            {
              "amd_sev_snp": "",
              "core_count": 1,
              "threads_per_core": 2
            }
          ],
          "cpu_threads_per_core": 2,
          "credit_specification": [
            {
              "cpu_credits": "unlimited"
            }
          ],
          "disable_api_stop": false,
          "disable_api_termination": false,
          "ebs_block_device": [],
          "ebs_optimized": false,
          "enable_primary_ipv6": null,
          "enclave_options": [
            {
              "enabled": false
            }
          ],
          "ephemeral_block_device": [],
          "get_password_data": false,
          "hibernation": false,
          "host_id": "",
          "host_resource_group_arn": null,
          "iam_instance_profile": "",
          "id": "i-0e08e049f652bac84",
          "instance_initiated_shutdown_behavior": "stop",
          "instance_lifecycle": "",
          "instance_market_options": [],
          "instance_state": "running",
          "instance_type": "t3.micro",
          "ipv6_address_count": 0,
          "ipv6_addresses": [],
          "key_name": "",
          "launch_template": [],
          "maintenance_options": [
            {
              "auto_recovery": "default"
            }
          ],
          "metadata_options": [
            {
              "http_endpoint": "enabled",
              "http_protocol_ipv6": "disabled",
              "http_put_response_hop_limit": 1,
              "http_tokens": "optional",
              "instance_metadata_tags": "disabled"
            }
          ],
          "monitoring": false,
          "network_interface": [],
          "outpost_arn": "",
          "password_data": "",
          "placement_group": "",
          "placement_partition_number": 0,
          "primary_network_interface_id": "eni-0cb2fa9db87b9c699",
          "private_dns": "ip-172-31-30-142.ec2.internal",
          "private_dns_name_options": [
            {
              "enable_resource_name_dns_a_record": false,
              "enable_resource_name_dns_aaaa_record": false,
              "hostname_type": "ip-name"
            }
          ],
          "private_ip": "172.31.30.142",
          "public_dns": "ec2-54-152-180-200.compute-1.amazonaws.com",
          "public_ip": "54.152.180.200",
          "root_block_device": [
            {
              "delete_on_termination": true,
              "device_name": "/dev/sda1",
              "encrypted": false,
              "iops": 3000,
              "kms_key_id": "",
              "tags": {},
              "tags_all": {},
              "throughput": 125,
              "volume_id": "vol-0ea259e7d09b5abe1",
              "volume_size": 20,
              "volume_type": "gp3"
            }
          ],
          "secondary_private_ips": [],
          "security_groups": [
            "vars-file-allow-all"
          ],
          "source_dest_check": true,
          "spot_instance_request_id": "",
          "subnet_id": "subnet-0b2f029184c429e41",
          "tags": {
            "Name": "redis"
          },
          "tags_all": {
            "Name": "redis"
          },
          "tenancy": "default",
          "timeouts": null,
          "user_data": null,
          "user_data_base64": null,
          "user_data_replace_on_change": false,
          "volume_tags": null,
          "vpc_security_group_ids": [
            "sg-03d3d0a40fc1caec5"
          ]
        },
        {
          "ami": "ami-09c813fb71547fc4f",
          "arn": "arn:aws:ec2:us-east-1:277789128698:instance/i-0dd4d90d6202b7d21",
          "associate_public_ip_address": true,
          "availability_zone": "us-east-1d",
          "capacity_reservation_specification": [
            {
              "capacity_reservation_preference": "open",
              "capacity_reservation_target": []
            }
          ],
          "cpu_core_count": 1,
          "cpu_options": [
            {
              "amd_sev_snp": "",
              "core_count": 1,
              "threads_per_core": 2
            }
          ],
          "cpu_threads_per_core": 2,
          "credit_specification": [
            {
              "cpu_credits": "unlimited"
            }
          ],
          "disable_api_stop": false,
          "disable_api_termination": false,
          "ebs_block_device": [],
          "ebs_optimized": false,
          "enable_primary_ipv6": null,
          "enclave_options": [
            {
              "enabled": false
            }
          ],
          "ephemeral_block_device": [],
          "get_password_data": false,
          "hibernation": false,
          "host_id": "",
          "host_resource_group_arn": null,
          "iam_instance_profile": "",
          "id": "i-0dd4d90d6202b7d21",
          "instance_initiated_shutdown_behavior": "stop",
          "instance_lifecycle": "",
          "instance_market_options": [],
          "instance_state": "running",
          "instance_type": "t3.micro",
          "ipv6_address_count": 0,
          "ipv6_addresses": [],
          "key_name": "",
          "launch_template": [],
          "maintenance_options": [
            {
              "auto_recovery": "default"
            }
          ],
          "metadata_options": [
            {
              "http_endpoint": "enabled",
              "http_protocol_ipv6": "disabled",
              "http_put_response_hop_limit": 1,
              "http_tokens": "optional",
              "instance_metadata_tags": "disabled"
            }
          ],
          "monitoring": false,
          "network_interface": [],
          "outpost_arn": "",
          "password_data": "",
          "placement_group": "",
          "placement_partition_number": 0,
          "primary_network_interface_id": "eni-0c9278e6b7f3ce460",
          "private_dns": "ip-172-31-28-195.ec2.internal",
          "private_dns_name_options": [
            {
              "enable_resource_name_dns_a_record": false,
              "enable_resource_name_dns_aaaa_record": false,
              "hostname_type": "ip-name"
            }
          ],
          "private_ip": "172.31.28.195",
          "public_dns": "ec2-54-226-179-86.compute-1.amazonaws.com",
          "public_ip": "54.226.179.86",
          "root_block_device": [
            {
              "delete_on_termination": true,
              "device_name": "/dev/sda1",
              "encrypted": false,
              "iops": 3000,
              "kms_key_id": "",
              "tags": {},
              "tags_all": {},
              "throughput": 125,
              "volume_id": "vol-06a1f1a198e3d8e73",
              "volume_size": 20,
              "volume_type": "gp3"
            }
          ],
          "secondary_private_ips": [],
          "security_groups": [
            "vars-file-allow-all"
          ],
          "source_dest_check": true,
          "spot_instance_request_id": "",
          "subnet_id": "subnet-0b2f029184c429e41",
          "tags": {
            "Name": "mysql"
          },
          "tags_all": {
            "Name": "mysql"
          },
          "tenancy": "default",
          "timeouts": null,
          "user_data": null,
          "user_data_base64": null,
          "user_data_replace_on_change": false,
          "volume_tags": null,
          "vpc_security_group_ids": [
            "sg-03d3d0a40fc1caec5"
          ]
        },
        {
          "ami": "ami-09c813fb71547fc4f",
          "arn": "arn:aws:ec2:us-east-1:277789128698:instance/i-0d680290d153b3aa7",
          "associate_public_ip_address": true,
          "availability_zone": "us-east-1d",
          "capacity_reservation_specification": [
            {
              "capacity_reservation_preference": "open",
              "capacity_reservation_target": []
            }
          ],
          "cpu_core_count": 1,
          "cpu_options": [
            {
              "amd_sev_snp": "",
              "core_count": 1,
              "threads_per_core": 2
            }
          ],
          "cpu_threads_per_core": 2,
          "credit_specification": [
            {
              "cpu_credits": "unlimited"
            }
          ],
          "disable_api_stop": false,
          "disable_api_termination": false,
          "ebs_block_device": [],
          "ebs_optimized": false,
          "enable_primary_ipv6": null,
          "enclave_options": [
            {
              "enabled": false
            }
          ],
          "ephemeral_block_device": [],
          "get_password_data": false,
          "hibernation": false,
          "host_id": "",
          "host_resource_group_arn": null,
          "iam_instance_profile": "",
          "id": "i-0d680290d153b3aa7",
          "instance_initiated_shutdown_behavior": "stop",
          "instance_lifecycle": "",
          "instance_market_options": [],
          "instance_state": "running",
          "instance_type": "t3.micro",
          "ipv6_address_count": 0,
          "ipv6_addresses": [],
          "key_name": "",
          "launch_template": [],
          "maintenance_options": [
            {
              "auto_recovery": "default"
            }
          ],
          "metadata_options": [
            {
              "http_endpoint": "enabled",
              "http_protocol_ipv6": "disabled",
              "http_put_response_hop_limit": 1,
              "http_tokens": "optional",
              "instance_metadata_tags": "disabled"
            }
          ],
          "monitoring": false,
          "network_interface": [],
          "outpost_arn": "",
          "password_data": "",
          "placement_group": "",
          "placement_partition_number": 0,
          "primary_network_interface_id": "eni-001670c4c4f9d0a92",
          "private_dns": "ip-172-31-16-187.ec2.internal",
          "private_dns_name_options": [
            {
              "enable_resource_name_dns_a_record": false,
              "enable_resource_name_dns_aaaa_record": false,
              "hostname_type": "ip-name"
            }
          ],
          "private_ip": "172.31.16.187",
          "public_dns": "ec2-44-222-225-169.compute-1.amazonaws.com",
          "public_ip": "44.222.225.169",
          "root_block_device": [
            {
              "delete_on_termination": true,
              "device_name": "/dev/sda1",
              "encrypted": false,
              "iops": 3000,
              "kms_key_id": "",
              "tags": {},
              "tags_all": {},
              "throughput": 125,
              "volume_id": "vol-0470f86655d5ea38b",
              "volume_size": 20,
              "volume_type": "gp3"
            }
          ],
          "secondary_private_ips": [],
          "security_groups": [
            "vars-file-allow-all"
          ],
          "source_dest_check": true,
          "spot_instance_request_id": "",
          "subnet_id": "subnet-0b2f029184c429e41",
          "tags": {
            "Name": "rabbitmq"
          },
          "tags_all": {
            "Name": "rabbitmq"
          },
          "tenancy": "default",
          "timeouts": null,
          "user_data": null,
          "user_data_base64": null,
          "user_data_replace_on_change": false,
          "volume_tags": null,
          "vpc_security_group_ids": [
            "sg-03d3d0a40fc1caec5"
          ]
        }
      ],
      "type": [
        "tuple",
        [
          [
            "object",
            {
              "ami": "string",
              "arn": "string",
              "associate_public_ip_address": "bool",
              "availability_zone": "string",
              "capacity_reservation_specification": [
                "list",
                [
                  "object",
                  {
                    "capacity_reservation_preference": "string",
                    "capacity_reservation_target": [
                      "list",
                      [
                        "object",
                        {
                          "capacity_reservation_id": "string",
                          "capacity_reservation_resource_group_arn": "string"
                        }
                      ]
                    ]
                  }
                ]
              ],
              "cpu_core_count": "number",
              "cpu_options": [
                "list",
                [
                  "object",
                  {
                    "amd_sev_snp": "string",
                    "core_count": "number",
                    "threads_per_core": "number"
                  }
                ]
              ],
              "cpu_threads_per_core": "number",
              "credit_specification": [
                "list",
                [
                  "object",
                  {
                    "cpu_credits": "string"
                  }
                ]
              ],
              "disable_api_stop": "bool",
              "disable_api_termination": "bool",
              "ebs_block_device": [
                "set",
                [
                  "object",
                  {
                    "delete_on_termination": "bool",
                    "device_name": "string",
                    "encrypted": "bool",
                    "iops": "number",
                    "kms_key_id": "string",
                    "snapshot_id": "string",
                    "tags": [
                      "map",
                      "string"
                    ],
                    "tags_all": [
                      "map",
                      "string"
                    ],
                    "throughput": "number",
                    "volume_id": "string",
                    "volume_size": "number",
                    "volume_type": "string"
                  }
                ]
              ],
              "ebs_optimized": "bool",
              "enable_primary_ipv6": "bool",
              "enclave_options": [
                "list",
                [
                  "object",
                  {
                    "enabled": "bool"
                  }
                ]
              ],
              "ephemeral_block_device": [
                "set",
                [
                  "object",
                  {
                    "device_name": "string",
                    "no_device": "bool",
                    "virtual_name": "string"
                  }
                ]
              ],
              "get_password_data": "bool",
              "hibernation": "bool",
              "host_id": "string",
              "host_resource_group_arn": "string",
              "iam_instance_profile": "string",
              "id": "string",
              "instance_initiated_shutdown_behavior": "string",
              "instance_lifecycle": "string",
              "instance_market_options": [
                "list",
                [
                  "object",
                  {
                    "market_type": "string",
                    "spot_options": [
                      "list",
                      [
                        "object",
                        {
                          "instance_interruption_behavior": "string",
                          "max_price": "string",
                          "spot_instance_type": "string",
                          "valid_until": "string"
                        }
                      ]
                    ]
                  }
                ]
              ],
              "instance_state": "string",
              "instance_type": "string",
              "ipv6_address_count": "number",
              "ipv6_addresses": [
                "list",
                "string"
              ],
              "key_name": "string",
              "launch_template": [
                "list",
                [
                  "object",
                  {
                    "id": "string",
                    "name": "string",
                    "version": "string"
                  }
                ]
              ],
              "maintenance_options": [
                "list",
                [
                  "object",
                  {
                    "auto_recovery": "string"
                  }
                ]
              ],
              "metadata_options": [
                "list",
                [
                  "object",
                  {
                    "http_endpoint": "string",
                    "http_protocol_ipv6": "string",
                    "http_put_response_hop_limit": "number",
                    "http_tokens": "string",
                    "instance_metadata_tags": "string"
                  }
                ]
              ],
              "monitoring": "bool",
              "network_interface": [
                "set",
                [
                  "object",
                  {
                    "delete_on_termination": "bool",
                    "device_index": "number",
                    "network_card_index": "number",
                    "network_interface_id": "string"
                  }
                ]
              ],
              "outpost_arn": "string",
              "password_data": "string",
              "placement_group": "string",
              "placement_partition_number": "number",
              "primary_network_interface_id": "string",
              "private_dns": "string",
              "private_dns_name_options": [
                "list",
                [
                  "object",
                  {
                    "enable_resource_name_dns_a_record": "bool",
                    "enable_resource_name_dns_aaaa_record": "bool",
                    "hostname_type": "string"
                  }
                ]
              ],
              "private_ip": "string",
              "public_dns": "string",
              "public_ip": "string",
              "root_block_device": [
                "list",
                [
                  "object",
                  {
                    "delete_on_termination": "bool",
                    "device_name": "string",
                    "encrypted": "bool",
                    "iops": "number",
                    "kms_key_id": "string",
                    "tags": [
                      "map",
                      "string"
                    ],
                    "tags_all": [
                      "map",
                      "string"
                    ],
                    "throughput": "number",
                    "volume_id": "string",
                    "volume_size": "number",
                    "volume_type": "string"
                  }
                ]
              ],
              "secondary_private_ips": [
                "set",
                "string"
              ],
              "security_groups": [
                "set",
                "string"
              ],
              "source_dest_check": "bool",
              "spot_instance_request_id": "string",
              "subnet_id": "string",
              "tags": [
                "map",
                "string"
              ],
              "tags_all": [
                "map",
                "string"
              ],
              "tenancy": "string",
              "timeouts": [
                "object",
                {
                  "create": "string",
                  "delete": "string",
                  "read": "string",
                  "update": "string"
                }
              ],
              "user_data": "string",
              "user_data_base64": "string",
              "user_data_replace_on_change": "bool",
              "volume_tags": [
                "map",
                "string"
              ],
              "vpc_security_group_ids": [
                "set",
                "string"
              ]
            }
          ],
          [
            "object",
            {
              "ami": "string",
              "arn": "string",
              "associate_public_ip_address": "bool",
              "availability_zone": "string",
              "capacity_reservation_specification": [
                "list",
                [
                  "object",
                  {
                    "capacity_reservation_preference": "string",
                    "capacity_reservation_target": [
                      "list",
                      [
                        "object",
                        {
                          "capacity_reservation_id": "string",
                          "capacity_reservation_resource_group_arn": "string"
                        }
                      ]
                    ]
                  }
                ]
              ],
              "cpu_core_count": "number",
              "cpu_options": [
                "list",
                [
                  "object",
                  {
                    "amd_sev_snp": "string",
                    "core_count": "number",
                    "threads_per_core": "number"
                  }
                ]
              ],
              "cpu_threads_per_core": "number",
              "credit_specification": [
                "list",
                [
                  "object",
                  {
                    "cpu_credits": "string"
                  }
                ]
              ],
              "disable_api_stop": "bool",
              "disable_api_termination": "bool",
              "ebs_block_device": [
                "set",
                [
                  "object",
                  {
                    "delete_on_termination": "bool",
                    "device_name": "string",
                    "encrypted": "bool",
                    "iops": "number",
                    "kms_key_id": "string",
                    "snapshot_id": "string",
                    "tags": [
                      "map",
                      "string"
                    ],
                    "tags_all": [
                      "map",
                      "string"
                    ],
                    "throughput": "number",
                    "volume_id": "string",
                    "volume_size": "number",
                    "volume_type": "string"
                  }
                ]
              ],
              "ebs_optimized": "bool",
              "enable_primary_ipv6": "bool",
              "enclave_options": [
                "list",
                [
                  "object",
                  {
                    "enabled": "bool"
                  }
                ]
              ],
              "ephemeral_block_device": [
                "set",
                [
                  "object",
                  {
                    "device_name": "string",
                    "no_device": "bool",
                    "virtual_name": "string"
                  }
                ]
              ],
              "get_password_data": "bool",
              "hibernation": "bool",
              "host_id": "string",
              "host_resource_group_arn": "string",
              "iam_instance_profile": "string",
              "id": "string",
              "instance_initiated_shutdown_behavior": "string",
              "instance_lifecycle": "string",
              "instance_market_options": [
                "list",
                [
                  "object",
                  {
                    "market_type": "string",
                    "spot_options": [
                      "list",
                      [
                        "object",
                        {
                          "instance_interruption_behavior": "string",
                          "max_price": "string",
                          "spot_instance_type": "string",
                          "valid_until": "string"
                        }
                      ]
                    ]
                  }
                ]
              ],
              "instance_state": "string",
              "instance_type": "string",
              "ipv6_address_count": "number",
              "ipv6_addresses": [
                "list",
                "string"
              ],
              "key_name": "string",
              "launch_template": [
                "list",
                [
                  "object",
                  {
                    "id": "string",
                    "name": "string",
                    "version": "string"
                  }
                ]
              ],
              "maintenance_options": [
                "list",
                [
                  "object",
                  {
                    "auto_recovery": "string"
                  }
                ]
              ],
              "metadata_options": [
                "list",
                [
                  "object",
                  {
                    "http_endpoint": "string",
                    "http_protocol_ipv6": "string",
                    "http_put_response_hop_limit": "number",
                    "http_tokens": "string",
                    "instance_metadata_tags": "string"
                  }
                ]
              ],
              "monitoring": "bool",
              "network_interface": [
                "set",
                [
                  "object",
                  {
                    "delete_on_termination": "bool",
                    "device_index": "number",
                    "network_card_index": "number",
                    "network_interface_id": "string"
                  }
                ]
              ],
              "outpost_arn": "string",
              "password_data": "string",
              "placement_group": "string",
              "placement_partition_number": "number",
              "primary_network_interface_id": "string",
              "private_dns": "string",
              "private_dns_name_options": [
                "list",
                [
                  "object",
                  {
                    "enable_resource_name_dns_a_record": "bool",
                    "enable_resource_name_dns_aaaa_record": "bool",
                    "hostname_type": "string"
                  }
                ]
              ],
              "private_ip": "string",
              "public_dns": "string",
              "public_ip": "string",
              "root_block_device": [
                "list",
                [
                  "object",
                  {
                    "delete_on_termination": "bool",
                    "device_name": "string",
                    "encrypted": "bool",
                    "iops": "number",
                    "kms_key_id": "string",
                    "tags": [
                      "map",
                      "string"
                    ],
                    "tags_all": [
                      "map",
                      "string"
                    ],
                    "throughput": "number",
                    "volume_id": "string",
                    "volume_size": "number",
                    "volume_type": "string"
                  }
                ]
              ],
              "secondary_private_ips": [
                "set",
                "string"
              ],
              "security_groups": [
                "set",
                "string"
              ],
              "source_dest_check": "bool",
              "spot_instance_request_id": "string",
              "subnet_id": "string",
              "tags": [
                "map",
                "string"
              ],
              "tags_all": [
                "map",
                "string"
              ],
              "tenancy": "string",
              "timeouts": [
                "object",
                {
                  "create": "string",
                  "delete": "string",
                  "read": "string",
                  "update": "string"
                }
              ],
              "user_data": "string",
              "user_data_base64": "string",
              "user_data_replace_on_change": "bool",
              "volume_tags": [
                "map",
                "string"
              ],
              "vpc_security_group_ids": [
                "set",
                "string"
              ]
            }
          ],
          [
            "object",
            {
              "ami": "string",
              "arn": "string",
              "associate_public_ip_address": "bool",
              "availability_zone": "string",
              "capacity_reservation_specification": [
                "list",
                [
                  "object",
                  {
                    "capacity_reservation_preference": "string",
                    "capacity_reservation_target": [
                      "list",
                      [
                        "object",
                        {
                          "capacity_reservation_id": "string",
                          "capacity_reservation_resource_group_arn": "string"
                        }
                      ]
                    ]
                  }
                ]
              ],
              "cpu_core_count": "number",
              "cpu_options": [
                "list",
                [
                  "object",
                  {
                    "amd_sev_snp": "string",
                    "core_count": "number",
                    "threads_per_core": "number"
                  }
                ]
              ],
              "cpu_threads_per_core": "number",
              "credit_specification": [
                "list",
                [
                  "object",
                  {
                    "cpu_credits": "string"
                  }
                ]
              ],
              "disable_api_stop": "bool",
              "disable_api_termination": "bool",
              "ebs_block_device": [
                "set",
                [
                  "object",
                  {
                    "delete_on_termination": "bool",
                    "device_name": "string",
                    "encrypted": "bool",
                    "iops": "number",
                    "kms_key_id": "string",
                    "snapshot_id": "string",
                    "tags": [
                      "map",
                      "string"
                    ],
                    "tags_all": [
                      "map",
                      "string"
                    ],
                    "throughput": "number",
                    "volume_id": "string",
                    "volume_size": "number",
                    "volume_type": "string"
                  }
                ]
              ],
              "ebs_optimized": "bool",
              "enable_primary_ipv6": "bool",
              "enclave_options": [
                "list",
                [
                  "object",
                  {
                    "enabled": "bool"
                  }
                ]
              ],
              "ephemeral_block_device": [
                "set",
                [
                  "object",
                  {
                    "device_name": "string",
                    "no_device": "bool",
                    "virtual_name": "string"
                  }
                ]
              ],
              "get_password_data": "bool",
              "hibernation": "bool",
              "host_id": "string",
              "host_resource_group_arn": "string",
              "iam_instance_profile": "string",
              "id": "string",
              "instance_initiated_shutdown_behavior": "string",
              "instance_lifecycle": "string",
              "instance_market_options": [
                "list",
                [
                  "object",
                  {
                    "market_type": "string",
                    "spot_options": [
                      "list",
                      [
                        "object",
                        {
                          "instance_interruption_behavior": "string",
                          "max_price": "string",
                          "spot_instance_type": "string",
                          "valid_until": "string"
                        }
                      ]
                    ]
                  }
                ]
              ],
              "instance_state": "string",
              "instance_type": "string",
              "ipv6_address_count": "number",
              "ipv6_addresses": [
                "list",
                "string"
              ],
              "key_name": "string",
              "launch_template": [
                "list",
                [
                  "object",
                  {
                    "id": "string",
                    "name": "string",
                    "version": "string"
                  }
                ]
              ],
              "maintenance_options": [
                "list",
                [
                  "object",
                  {
                    "auto_recovery": "string"
                  }
                ]
              ],
              "metadata_options": [
                "list",
                [
                  "object",
                  {
                    "http_endpoint": "string",
                    "http_protocol_ipv6": "string",
                    "http_put_response_hop_limit": "number",
                    "http_tokens": "string",
                    "instance_metadata_tags": "string"
                  }
                ]
              ],
              "monitoring": "bool",
              "network_interface": [
                "set",
                [
                  "object",
                  {
                    "delete_on_termination": "bool",
                    "device_index": "number",
                    "network_card_index": "number",
                    "network_interface_id": "string"
                  }
                ]
              ],
              "outpost_arn": "string",
              "password_data": "string",
              "placement_group": "string",
              "placement_partition_number": "number",
              "primary_network_interface_id": "string",
              "private_dns": "string",
              "private_dns_name_options": [
                "list",
                [
                  "object",
                  {
                    "enable_resource_name_dns_a_record": "bool",
                    "enable_resource_name_dns_aaaa_record": "bool",
                    "hostname_type": "string"
                  }
                ]
              ],
              "private_ip": "string",
              "public_dns": "string",
              "public_ip": "string",
              "root_block_device": [
                "list",
                [
                  "object",
                  {
                    "delete_on_termination": "bool",
                    "device_name": "string",
                    "encrypted": "bool",
                    "iops": "number",
                    "kms_key_id": "string",
                    "tags": [
                      "map",
                      "string"
                    ],
                    "tags_all": [
                      "map",
                      "string"
                    ],
                    "throughput": "number",
                    "volume_id": "string",
                    "volume_size": "number",
                    "volume_type": "string"
                  }
                ]
              ],
              "secondary_private_ips": [
                "set",
                "string"
              ],
              "security_groups": [
                "set",
                "string"
              ],
              "source_dest_check": "bool",
              "spot_instance_request_id": "string",
              "subnet_id": "string",
              "tags": [
                "map",
                "string"
              ],
              "tags_all": [
                "map",
                "string"
              ],
              "tenancy": "string",
              "timeouts": [
                "object",
                {
                  "create": "string",
                  "delete": "string",
                  "read": "string",
                  "update": "string"
                }
              ],
              "user_data": "string",
              "user_data_base64": "string",
              "user_data_replace_on_change": "bool",
              "volume_tags": [
                "map",
                "string"
              ],
              "vpc_security_group_ids": [
                "set",
                "string"
              ]
            }
          ],
          [
            "object",
            {
              "ami": "string",
              "arn": "string",
              "associate_public_ip_address": "bool",
              "availability_zone": "string",
              "capacity_reservation_specification": [
                "list",
                [
                  "object",
                  {
                    "capacity_reservation_preference": "string",
                    "capacity_reservation_target": [
                      "list",
                      [
                        "object",
                        {
                          "capacity_reservation_id": "string",
                          "capacity_reservation_resource_group_arn": "string"
                        }
                      ]
                    ]
                  }
                ]
              ],
              "cpu_core_count": "number",
              "cpu_options": [
                "list",
                [
                  "object",
                  {
                    "amd_sev_snp": "string",
                    "core_count": "number",
                    "threads_per_core": "number"
                  }
                ]
              ],
              "cpu_threads_per_core": "number",
              "credit_specification": [
                "list",
                [
                  "object",
                  {
                    "cpu_credits": "string"
                  }
                ]
              ],
              "disable_api_stop": "bool",
              "disable_api_termination": "bool",
              "ebs_block_device": [
                "set",
                [
                  "object",
                  {
                    "delete_on_termination": "bool",
                    "device_name": "string",
                    "encrypted": "bool",
                    "iops": "number",
                    "kms_key_id": "string",
                    "snapshot_id": "string",
                    "tags": [
                      "map",
                      "string"
                    ],
                    "tags_all": [
                      "map",
                      "string"
                    ],
                    "throughput": "number",
                    "volume_id": "string",
                    "volume_size": "number",
                    "volume_type": "string"
                  }
                ]
              ],
              "ebs_optimized": "bool",
              "enable_primary_ipv6": "bool",
              "enclave_options": [
                "list",
                [
                  "object",
                  {
                    "enabled": "bool"
                  }
                ]
              ],
              "ephemeral_block_device": [
                "set",
                [
                  "object",
                  {
                    "device_name": "string",
                    "no_device": "bool",
                    "virtual_name": "string"
                  }
                ]
              ],
              "get_password_data": "bool",
              "hibernation": "bool",
              "host_id": "string",
              "host_resource_group_arn": "string",
              "iam_instance_profile": "string",
              "id": "string",
              "instance_initiated_shutdown_behavior": "string",
              "instance_lifecycle": "string",
              "instance_market_options": [
                "list",
                [
                  "object",
                  {
                    "market_type": "string",
                    "spot_options": [
                      "list",
                      [
                        "object",
                        {
                          "instance_interruption_behavior": "string",
                          "max_price": "string",
                          "spot_instance_type": "string",
                          "valid_until": "string"
                        }
                      ]
                    ]
                  }
                ]
              ],
              "instance_state": "string",
              "instance_type": "string",
              "ipv6_address_count": "number",
              "ipv6_addresses": [
                "list",
                "string"
              ],
              "key_name": "string",
              "launch_template": [
                "list",
                [
                  "object",
                  {
                    "id": "string",
                    "name": "string",
                    "version": "string"
                  }
                ]
              ],
              "maintenance_options": [
                "list",
                [
                  "object",
                  {
                    "auto_recovery": "string"
                  }
                ]
              ],
              "metadata_options": [
                "list",
                [
                  "object",
                  {
                    "http_endpoint": "string",
                    "http_protocol_ipv6": "string",
                    "http_put_response_hop_limit": "number",
                    "http_tokens": "string",
                    "instance_metadata_tags": "string"
                  }
                ]
              ],
              "monitoring": "bool",
              "network_interface": [
                "set",
                [
                  "object",
                  {
                    "delete_on_termination": "bool",
                    "device_index": "number",
                    "network_card_index": "number",
                    "network_interface_id": "string"
                  }
                ]
              ],
              "outpost_arn": "string",
              "password_data": "string",
              "placement_group": "string",
              "placement_partition_number": "number",
              "primary_network_interface_id": "string",
              "private_dns": "string",
              "private_dns_name_options": [
                "list",
                [
                  "object",
                  {
                    "enable_resource_name_dns_a_record": "bool",
                    "enable_resource_name_dns_aaaa_record": "bool",
                    "hostname_type": "string"
                  }
                ]
              ],
              "private_ip": "string",
              "public_dns": "string",
              "public_ip": "string",
              "root_block_device": [
                "list",
                [
                  "object",
                  {
                    "delete_on_termination": "bool",
                    "device_name": "string",
                    "encrypted": "bool",
                    "iops": "number",
                    "kms_key_id": "string",
                    "tags": [
                      "map",
                      "string"
                    ],
                    "tags_all": [
                      "map",
                      "string"
                    ],
                    "throughput": "number",
                    "volume_id": "string",
                    "volume_size": "number",
                    "volume_type": "string"
                  }
                ]
              ],
              "secondary_private_ips": [
                "set",
                "string"
              ],
              "security_groups": [
                "set",
                "string"
              ],
              "source_dest_check": "bool",
              "spot_instance_request_id": "string",
              "subnet_id": "string",
              "tags": [
                "map",
                "string"
              ],
              "tags_all": [
                "map",
                "string"
              ],
              "tenancy": "string",
              "timeouts": [
                "object",
                {
                  "create": "string",
                  "delete": "string",
                  "read": "string",
                  "update": "string"
                }
              ],
              "user_data": "string",
              "user_data_base64": "string",
              "user_data_replace_on_change": "bool",
              "volume_tags": [
                "map",
                "string"
              ],
              "vpc_security_group_ids": [
                "set",
                "string"
              ]
            }
          ]
        ]
      ]
    }
  },
  "resources": [
    {
      "mode": "managed",
      "type": "aws_instance",
      "name": "roboshop",
      "provider": "provider[\"registry.terraform.io/hashicorp/aws\"]",
      "instances": [
        {
          "index_key": 0,
          "schema_version": 1,
          "attributes": {
            "ami": "ami-09c813fb71547fc4f",
            "arn": "arn:aws:ec2:us-east-1:277789128698:instance/i-0738b6681034960b5",
            "associate_public_ip_address": true,
            "availability_zone": "us-east-1d",
            "capacity_reservation_specification": [
              {
                "capacity_reservation_preference": "open",
                "capacity_reservation_target": []
              }
            ],
            "cpu_core_count": 1,
            "cpu_options": [
              {
                "amd_sev_snp": "",
                "core_count": 1,
                "threads_per_core": 2
              }
            ],
            "cpu_threads_per_core": 2,
            "credit_specification": [
              {
                "cpu_credits": "unlimited"
              }
            ],
            "disable_api_stop": false,
            "disable_api_termination": false,
            "ebs_block_device": [],
            "ebs_optimized": false,
            "enable_primary_ipv6": null,
            "enclave_options": [
              {
                "enabled": false
              }
            ],
            "ephemeral_block_device": [],
            "get_password_data": false,
            "hibernation": false,
            "host_id": "",
            "host_resource_group_arn": null,
            "iam_instance_profile": "",
            "id": "i-0738b6681034960b5",
            "instance_initiated_shutdown_behavior": "stop",
            "instance_lifecycle": "",
            "instance_market_options": [],
            "instance_state": "running",
            "instance_type": "t3.micro",
            "ipv6_address_count": 0,
            "ipv6_addresses": [],
            "key_name": "",
            "launch_template": [],
            "maintenance_options": [
              {
                "auto_recovery": "default"
              }
            ],
            "metadata_options": [
              {
                "http_endpoint": "enabled",
                "http_protocol_ipv6": "disabled",
                "http_put_response_hop_limit": 1,
                "http_tokens": "optional",
                "instance_metadata_tags": "disabled"
              }
            ],
            "monitoring": false,
            "network_interface": [],
            "outpost_arn": "",
            "password_data": "",
            "placement_group": "",
            "placement_partition_number": 0,
            "primary_network_interface_id": "eni-06c6cb70d3b0469b4",
            "private_dns": "ip-172-31-18-221.ec2.internal",
            "private_dns_name_options": [
              {
                "enable_resource_name_dns_a_record": false,
                "enable_resource_name_dns_aaaa_record": false,
                "hostname_type": "ip-name"
              }
            ],
            "private_ip": "172.31.18.221",
            "public_dns": "ec2-54-227-211-172.compute-1.amazonaws.com",
            "public_ip": "54.227.211.172",
            "root_block_device": [
              {
                "delete_on_termination": true,
                "device_name": "/dev/sda1",
                "encrypted": false,
                "iops": 3000,
                "kms_key_id": "",
                "tags": {},
                "tags_all": {},
                "throughput": 125,
                "volume_id": "vol-081f08f5c3ef2a57a",
                "volume_size": 20,
                "volume_type": "gp3"
              }
            ],
            "secondary_private_ips": [],
            "security_groups": [
              "vars-file-allow-all"
            ],
            "source_dest_check": true,
            "spot_instance_request_id": "",
            "subnet_id": "subnet-0b2f029184c429e41",
            "tags": {
              "Name": "mongodb"
            },
            "tags_all": {
              "Name": "mongodb"
            },
            "tenancy": "default",
            "timeouts": null,
            "user_data": null,
            "user_data_base64": null,
            "user_data_replace_on_change": false,
            "volume_tags": null,
            "vpc_security_group_ids": [
              "sg-03d3d0a40fc1caec5"
            ]
          },
          "sensitive_attributes": [],
          "identity_schema_version": 0,
          "private": "eyJlMmJmYjczMC1lY2FhLTExZTYtOGY4OC0zNDM2M2JjN2M0YzAiOnsiY3JlYXRlIjo2MDAwMDAwMDAwMDAsImRlbGV0ZSI6MTIwMDAwMDAwMDAwMCwicmVhZCI6OTAwMDAwMDAwMDAwLCJ1cGRhdGUiOjYwMDAwMDAwMDAwMH0sInNjaGVtYV92ZXJzaW9uIjoiMSJ9",
          "dependencies": [
            "aws_security_group.allow_all"
          ]
        },
        {
          "index_key": 1,
          "schema_version": 1,
          "attributes": {
            "ami": "ami-09c813fb71547fc4f",
            "arn": "arn:aws:ec2:us-east-1:277789128698:instance/i-0e08e049f652bac84",
            "associate_public_ip_address": true,
            "availability_zone": "us-east-1d",
            "capacity_reservation_specification": [
              {
                "capacity_reservation_preference": "open",
                "capacity_reservation_target": []
              }
            ],
            "cpu_core_count": 1,
            "cpu_options": [
              {
                "amd_sev_snp": "",
                "core_count": 1,
                "threads_per_core": 2
              }
            ],
            "cpu_threads_per_core": 2,
            "credit_specification": [
              {
                "cpu_credits": "unlimited"
              }
            ],
            "disable_api_stop": false,
            "disable_api_termination": false,
            "ebs_block_device": [],
            "ebs_optimized": false,
            "enable_primary_ipv6": null,
            "enclave_options": [
              {
                "enabled": false
              }
            ],
            "ephemeral_block_device": [],
            "get_password_data": false,
            "hibernation": false,
            "host_id": "",
            "host_resource_group_arn": null,
            "iam_instance_profile": "",
            "id": "i-0e08e049f652bac84",
            "instance_initiated_shutdown_behavior": "stop",
            "instance_lifecycle": "",
            "instance_market_options": [],
            "instance_state": "running",
            "instance_type": "t3.micro",
            "ipv6_address_count": 0,
            "ipv6_addresses": [],
            "key_name": "",
            "launch_template": [],
            "maintenance_options": [
              {
                "auto_recovery": "default"
              }
            ],
            "metadata_options": [
              {
                "http_endpoint": "enabled",
                "http_protocol_ipv6": "disabled",
                "http_put_response_hop_limit": 1,
                "http_tokens": "optional",
                "instance_metadata_tags": "disabled"
              }
            ],
            "monitoring": false,
            "network_interface": [],
            "outpost_arn": "",
            "password_data": "",
            "placement_group": "",
            "placement_partition_number": 0,
            "primary_network_interface_id": "eni-0cb2fa9db87b9c699",
            "private_dns": "ip-172-31-30-142.ec2.internal",
            "private_dns_name_options": [
              {
                "enable_resource_name_dns_a_record": false,
                "enable_resource_name_dns_aaaa_record": false,
                "hostname_type": "ip-name"
              }
            ],
            "private_ip": "172.31.30.142",
            "public_dns": "ec2-54-152-180-200.compute-1.amazonaws.com",
            "public_ip": "54.152.180.200",
            "root_block_device": [
              {
                "delete_on_termination": true,
                "device_name": "/dev/sda1",
                "encrypted": false,
                "iops": 3000,
                "kms_key_id": "",
                "tags": {},
                "tags_all": {},
                "throughput": 125,
                "volume_id": "vol-0ea259e7d09b5abe1",
                "volume_size": 20,
                "volume_type": "gp3"
              }
            ],
            "secondary_private_ips": [],
            "security_groups": [
              "vars-file-allow-all"
            ],
            "source_dest_check": true,
            "spot_instance_request_id": "",
            "subnet_id": "subnet-0b2f029184c429e41",
            "tags": {
              "Name": "redis"
            },
            "tags_all": {
              "Name": "redis"
            },
            "tenancy": "default",
            "timeouts": null,
            "user_data": null,
            "user_data_base64": null,
            "user_data_replace_on_change": false,
            "volume_tags": null,
            "vpc_security_group_ids": [
              "sg-03d3d0a40fc1caec5"
            ]
          },
          "sensitive_attributes": [],
          "identity_schema_version": 0,
          "private": "eyJlMmJmYjczMC1lY2FhLTExZTYtOGY4OC0zNDM2M2JjN2M0YzAiOnsiY3JlYXRlIjo2MDAwMDAwMDAwMDAsImRlbGV0ZSI6MTIwMDAwMDAwMDAwMCwicmVhZCI6OTAwMDAwMDAwMDAwLCJ1cGRhdGUiOjYwMDAwMDAwMDAwMH0sInNjaGVtYV92ZXJzaW9uIjoiMSJ9",
          "dependencies": [
            "aws_security_group.allow_all"
          ]
        },
        {
          "index_key": 2,
          "schema_version": 1,
          "attributes": {
            "ami": "ami-09c813fb71547fc4f",
            "arn": "arn:aws:ec2:us-east-1:277789128698:instance/i-0dd4d90d6202b7d21",
            "associate_public_ip_address": true,
            "availability_zone": "us-east-1d",
            "capacity_reservation_specification": [
              {
                "capacity_reservation_preference": "open",
                "capacity_reservation_target": []
              }
            ],
            "cpu_core_count": 1,
            "cpu_options": [
              {
                "amd_sev_snp": "",
                "core_count": 1,
                "threads_per_core": 2
              }
            ],
            "cpu_threads_per_core": 2,
            "credit_specification": [
              {
                "cpu_credits": "unlimited"
              }
            ],
            "disable_api_stop": false,
            "disable_api_termination": false,
            "ebs_block_device": [],
            "ebs_optimized": false,
            "enable_primary_ipv6": null,
            "enclave_options": [
              {
                "enabled": false
              }
            ],
            "ephemeral_block_device": [],
            "get_password_data": false,
            "hibernation": false,
            "host_id": "",
            "host_resource_group_arn": null,
            "iam_instance_profile": "",
            "id": "i-0dd4d90d6202b7d21",
            "instance_initiated_shutdown_behavior": "stop",
            "instance_lifecycle": "",
            "instance_market_options": [],
            "instance_state": "running",
            "instance_type": "t3.micro",
            "ipv6_address_count": 0,
            "ipv6_addresses": [],
            "key_name": "",
            "launch_template": [],
            "maintenance_options": [
              {
                "auto_recovery": "default"
              }
            ],
            "metadata_options": [
              {
                "http_endpoint": "enabled",
                "http_protocol_ipv6": "disabled",
                "http_put_response_hop_limit": 1,
                "http_tokens": "optional",
                "instance_metadata_tags": "disabled"
              }
            ],
            "monitoring": false,
            "network_interface": [],
            "outpost_arn": "",
            "password_data": "",
            "placement_group": "",
            "placement_partition_number": 0,
            "primary_network_interface_id": "eni-0c9278e6b7f3ce460",
            "private_dns": "ip-172-31-28-195.ec2.internal",
            "private_dns_name_options": [
              {
                "enable_resource_name_dns_a_record": false,
                "enable_resource_name_dns_aaaa_record": false,
                "hostname_type": "ip-name"
              }
            ],
            "private_ip": "172.31.28.195",
            "public_dns": "ec2-54-226-179-86.compute-1.amazonaws.com",
            "public_ip": "54.226.179.86",
            "root_block_device": [
              {
                "delete_on_termination": true,
                "device_name": "/dev/sda1",
                "encrypted": false,
                "iops": 3000,
                "kms_key_id": "",
                "tags": {},
                "tags_all": {},
                "throughput": 125,
                "volume_id": "vol-06a1f1a198e3d8e73",
                "volume_size": 20,
                "volume_type": "gp3"
              }
            ],
            "secondary_private_ips": [],
            "security_groups": [
              "vars-file-allow-all"
            ],
            "source_dest_check": true,
            "spot_instance_request_id": "",
            "subnet_id": "subnet-0b2f029184c429e41",
            "tags": {
              "Name": "mysql"
            },
            "tags_all": {
              "Name": "mysql"
            },
            "tenancy": "default",
            "timeouts": null,
            "user_data": null,
            "user_data_base64": null,
            "user_data_replace_on_change": false,
            "volume_tags": null,
            "vpc_security_group_ids": [
              "sg-03d3d0a40fc1caec5"
            ]
          },
          "sensitive_attributes": [],
          "identity_schema_version": 0,
          "private": "eyJlMmJmYjczMC1lY2FhLTExZTYtOGY4OC0zNDM2M2JjN2M0YzAiOnsiY3JlYXRlIjo2MDAwMDAwMDAwMDAsImRlbGV0ZSI6MTIwMDAwMDAwMDAwMCwicmVhZCI6OTAwMDAwMDAwMDAwLCJ1cGRhdGUiOjYwMDAwMDAwMDAwMH0sInNjaGVtYV92ZXJzaW9uIjoiMSJ9",
          "dependencies": [
            "aws_security_group.allow_all"
          ]
        },
        {
          "index_key": 3,
          "schema_version": 1,
          "attributes": {
            "ami": "ami-09c813fb71547fc4f",
            "arn": "arn:aws:ec2:us-east-1:277789128698:instance/i-0d680290d153b3aa7",
            "associate_public_ip_address": true,
            "availability_zone": "us-east-1d",
            "capacity_reservation_specification": [
              {
                "capacity_reservation_preference": "open",
                "capacity_reservation_target": []
              }
            ],
            "cpu_core_count": 1,
            "cpu_options": [
              {
                "amd_sev_snp": "",
                "core_count": 1,
                "threads_per_core": 2
              }
            ],
            "cpu_threads_per_core": 2,
            "credit_specification": [
              {
                "cpu_credits": "unlimited"
              }
            ],
            "disable_api_stop": false,
            "disable_api_termination": false,
            "ebs_block_device": [],
            "ebs_optimized": false,
            "enable_primary_ipv6": null,
            "enclave_options": [
              {
                "enabled": false
              }
            ],
            "ephemeral_block_device": [],
            "get_password_data": false,
            "hibernation": false,
            "host_id": "",
            "host_resource_group_arn": null,
            "iam_instance_profile": "",
            "id": "i-0d680290d153b3aa7",
            "instance_initiated_shutdown_behavior": "stop",
            "instance_lifecycle": "",
            "instance_market_options": [],
            "instance_state": "running",
            "instance_type": "t3.micro",
            "ipv6_address_count": 0,
            "ipv6_addresses": [],
            "key_name": "",
            "launch_template": [],
            "maintenance_options": [
              {
                "auto_recovery": "default"
              }
            ],
            "metadata_options": [
              {
                "http_endpoint": "enabled",
                "http_protocol_ipv6": "disabled",
                "http_put_response_hop_limit": 1,
                "http_tokens": "optional",
                "instance_metadata_tags": "disabled"
              }
            ],
            "monitoring": false,
            "network_interface": [],
            "outpost_arn": "",
            "password_data": "",
            "placement_group": "",
            "placement_partition_number": 0,
            "primary_network_interface_id": "eni-001670c4c4f9d0a92",
            "private_dns": "ip-172-31-16-187.ec2.internal",
            "private_dns_name_options": [
              {
                "enable_resource_name_dns_a_record": false,
                "enable_resource_name_dns_aaaa_record": false,
                "hostname_type": "ip-name"
              }
            ],
            "private_ip": "172.31.16.187",
            "public_dns": "ec2-44-222-225-169.compute-1.amazonaws.com",
            "public_ip": "44.222.225.169",
            "root_block_device": [
              {
                "delete_on_termination": true,
                "device_name": "/dev/sda1",
                "encrypted": false,
                "iops": 3000,
                "kms_key_id": "",
                "tags": {},
                "tags_all": {},
                "throughput": 125,
                "volume_id": "vol-0470f86655d5ea38b",
                "volume_size": 20,
                "volume_type": "gp3"
              }
            ],
            "secondary_private_ips": [],
            "security_groups": [
              "vars-file-allow-all"
            ],
            "source_dest_check": true,
            "spot_instance_request_id": "",
            "subnet_id": "subnet-0b2f029184c429e41",
            "tags": {
              "Name": "rabbitmq"
            },
            "tags_all": {
              "Name": "rabbitmq"
            },
            "tenancy": "default",
            "timeouts": null,
            "user_data": null,
            "user_data_base64": null,
            "user_data_replace_on_change": false,
            "volume_tags": null,
            "vpc_security_group_ids": [
              "sg-03d3d0a40fc1caec5"
            ]
          },
          "sensitive_attributes": [],
          "identity_schema_version": 0,
          "private": "eyJlMmJmYjczMC1lY2FhLTExZTYtOGY4OC0zNDM2M2JjN2M0YzAiOnsiY3JlYXRlIjo2MDAwMDAwMDAwMDAsImRlbGV0ZSI6MTIwMDAwMDAwMDAwMCwicmVhZCI6OTAwMDAwMDAwMDAwLCJ1cGRhdGUiOjYwMDAwMDAwMDAwMH0sInNjaGVtYV92ZXJzaW9uIjoiMSJ9",
          "dependencies": [
            "aws_security_group.allow_all"
          ]
        }
      ]
    },
    {
      "mode": "managed",
      "type": "aws_route53_record",
      "name": "www",
      "provider": "provider[\"registry.terraform.io/hashicorp/aws\"]",
      "instances": [
        {
          "index_key": 0,
          "schema_version": 2,
          "attributes": {
            "alias": [],
            "allow_overwrite": null,
            "cidr_routing_policy": [],
            "failover_routing_policy": [],
            "fqdn": "mongodb.karna.fun",
            "geolocation_routing_policy": [],
            "geoproximity_routing_policy": [],
            "health_check_id": "",
            "id": "Z06554703QA84OQ4WNDV1_mongodb.karna.fun_A",
            "latency_routing_policy": [],
            "multivalue_answer_routing_policy": false,
            "name": "mongodb.karna.fun",
            "records": [
              "172.31.18.221"
            ],
            "set_identifier": "",
            "timeouts": null,
            "ttl": 1,
            "type": "A",
            "weighted_routing_policy": [],
            "zone_id": "Z06554703QA84OQ4WNDV1"
          },
          "sensitive_attributes": [],
          "identity_schema_version": 0,
          "private": "eyJlMmJmYjczMC1lY2FhLTExZTYtOGY4OC0zNDM2M2JjN2M0YzAiOnsiY3JlYXRlIjoxODAwMDAwMDAwMDAwLCJkZWxldGUiOjE4MDAwMDAwMDAwMDAsInVwZGF0ZSI6MTgwMDAwMDAwMDAwMH0sInNjaGVtYV92ZXJzaW9uIjoiMiJ9",
          "dependencies": [
            "aws_instance.roboshop",
            "aws_security_group.allow_all"
          ]
        },
        {
          "index_key": 1,
          "schema_version": 2,
          "attributes": {
            "alias": [],
            "allow_overwrite": null,
            "cidr_routing_policy": [],
            "failover_routing_policy": [],
            "fqdn": "redis.karna.fun",
            "geolocation_routing_policy": [],
            "geoproximity_routing_policy": [],
            "health_check_id": "",
            "id": "Z06554703QA84OQ4WNDV1_redis.karna.fun_A",
            "latency_routing_policy": [],
            "multivalue_answer_routing_policy": false,
            "name": "redis.karna.fun",
            "records": [
              "172.31.30.142"
            ],
            "set_identifier": "",
            "timeouts": null,
            "ttl": 1,
            "type": "A",
            "weighted_routing_policy": [],
            "zone_id": "Z06554703QA84OQ4WNDV1"
          },
          "sensitive_attributes": [],
          "identity_schema_version": 0,
          "private": "eyJlMmJmYjczMC1lY2FhLTExZTYtOGY4OC0zNDM2M2JjN2M0YzAiOnsiY3JlYXRlIjoxODAwMDAwMDAwMDAwLCJkZWxldGUiOjE4MDAwMDAwMDAwMDAsInVwZGF0ZSI6MTgwMDAwMDAwMDAwMH0sInNjaGVtYV92ZXJzaW9uIjoiMiJ9",
          "dependencies": [
            "aws_instance.roboshop",
            "aws_security_group.allow_all"
          ]
        },
        {
          "index_key": 2,
          "schema_version": 2,
          "attributes": {
            "alias": [],
            "allow_overwrite": null,
            "cidr_routing_policy": [],
            "failover_routing_policy": [],
            "fqdn": "mysql.karna.fun",
            "geolocation_routing_policy": [],
            "geoproximity_routing_policy": [],
            "health_check_id": "",
            "id": "Z06554703QA84OQ4WNDV1_mysql.karna.fun_A",
            "latency_routing_policy": [],
            "multivalue_answer_routing_policy": false,
            "name": "mysql.karna.fun",
            "records": [
              "172.31.28.195"
            ],
            "set_identifier": "",
            "timeouts": null,
            "ttl": 1,
            "type": "A",
            "weighted_routing_policy": [],
            "zone_id": "Z06554703QA84OQ4WNDV1"
          },
          "sensitive_attributes": [],
          "identity_schema_version": 0,
          "private": "eyJlMmJmYjczMC1lY2FhLTExZTYtOGY4OC0zNDM2M2JjN2M0YzAiOnsiY3JlYXRlIjoxODAwMDAwMDAwMDAwLCJkZWxldGUiOjE4MDAwMDAwMDAwMDAsInVwZGF0ZSI6MTgwMDAwMDAwMDAwMH0sInNjaGVtYV92ZXJzaW9uIjoiMiJ9",
          "dependencies": [
            "aws_instance.roboshop",
            "aws_security_group.allow_all"
          ]
        },
        {
          "index_key": 3,
          "schema_version": 2,
          "attributes": {
            "alias": [],
            "allow_overwrite": null,
            "cidr_routing_policy": [],
            "failover_routing_policy": [],
            "fqdn": "rabbitmq.karna.fun",
            "geolocation_routing_policy": [],
            "geoproximity_routing_policy": [],
            "health_check_id": "",
            "id": "Z06554703QA84OQ4WNDV1_rabbitmq.karna.fun_A",
            "latency_routing_policy": [],
            "multivalue_answer_routing_policy": false,
            "name": "rabbitmq.karna.fun",
            "records": [
              "172.31.16.187"
            ],
            "set_identifier": "",
            "timeouts": null,
            "ttl": 1,
            "type": "A",
            "weighted_routing_policy": [],
            "zone_id": "Z06554703QA84OQ4WNDV1"
          },
          "sensitive_attributes": [],
          "identity_schema_version": 0,
          "private": "eyJlMmJmYjczMC1lY2FhLTExZTYtOGY4OC0zNDM2M2JjN2M0YzAiOnsiY3JlYXRlIjoxODAwMDAwMDAwMDAwLCJkZWxldGUiOjE4MDAwMDAwMDAwMDAsInVwZGF0ZSI6MTgwMDAwMDAwMDAwMH0sInNjaGVtYV92ZXJzaW9uIjoiMiJ9",
          "dependencies": [
            "aws_instance.roboshop",
            "aws_security_group.allow_all"
          ]
        }
      ]
    },
    {
      "mode": "managed",
      "type": "aws_security_group",
      "name": "allow_all",
      "provider": "provider[\"registry.terraform.io/hashicorp/aws\"]",
      "instances": [
        {
          "schema_version": 1,
          "attributes": {
            "arn": "arn:aws:ec2:us-east-1:277789128698:security-group/sg-03d3d0a40fc1caec5",
            "description": "allowing all ports from internet",
            "egress": [
              {
                "cidr_blocks": [
                  "0.0.0.0/0"
                ],
                "description": "",
                "from_port": 0,
                "ipv6_cidr_blocks": [
                  "::/0"
                ],
                "prefix_list_ids": [],
                "protocol": "-1",
                "security_groups": [],
                "self": false,
                "to_port": 0
              }
            ],
            "id": "sg-03d3d0a40fc1caec5",
            "ingress": [
              {
                "cidr_blocks": [
                  "0.0.0.0/0"
                ],
                "description": "",
                "from_port": 0,
                "ipv6_cidr_blocks": [
                  "::/0"
                ],
                "prefix_list_ids": [],
                "protocol": "-1",
                "security_groups": [],
                "self": false,
                "to_port": 0
              }
            ],
            "name": "vars-file-allow-all",
            "name_prefix": "",
            "owner_id": "277789128698",
            "revoke_rules_on_delete": false,
            "tags": {
              "Name": "allow-all"
            },
            "tags_all": {
              "Name": "allow-all"
            },
            "timeouts": null,
            "vpc_id": "vpc-08a09216b0fe6f6ac"
          },
          "sensitive_attributes": [],
          "identity_schema_version": 0,
          "private": "eyJlMmJmYjczMC1lY2FhLTExZTYtOGY4OC0zNDM2M2JjN2M0YzAiOnsiY3JlYXRlIjo2MDAwMDAwMDAwMDAsImRlbGV0ZSI6OTAwMDAwMDAwMDAwfSwic2NoZW1hX3ZlcnNpb24iOiIxIn0="
        }
      ]
    }
  ],
  "check_results": null
}
